{
  "lockfileVersion": 1,
  "workspaces": {
    "": {
      "name": "matt-card",
      "devDependencies": {
        "@biomejs/biome": "1.8.2",
        "boxen": "^7.1.1",
        "chalk": "^5.3.0",
      },
    },
  },
  "packages": {
    "@biomejs/biome": ["@biomejs/biome@1.8.2", "", { "optionalDependencies": { "@biomejs/cli-darwin-arm64": "1.8.2", "@biomejs/cli-darwin-x64": "1.8.2", "@biomejs/cli-linux-arm64": "1.8.2", "@biomejs/cli-linux-arm64-musl": "1.8.2", "@biomejs/cli-linux-x64": "1.8.2", "@biomejs/cli-linux-x64-musl": "1.8.2", "@biomejs/cli-win32-arm64": "1.8.2", "@biomejs/cli-win32-x64": "1.8.2" }, "bin": { "biome": "bin/biome" } }, "sha512-XafCzLgs0xbH0bCjYKxQ63ig2V86fZQMq1jiy5pyLToWk9aHxA8GAUxyBtklPHtPYZPGEPOYglQHj4jyfUp+Iw=="],

    "@biomejs/cli-darwin-arm64": ["@biomejs/cli-darwin-arm64@1.8.2", "", { "os": "darwin", "cpu": "arm64" }, "sha512-l9msLsTcSIAPqMsPIhodQmb50sEfaXPLQ0YW4cdj6INmd8iaOh/V9NceQb2366vACTJgcWDQ2RzlvURek1T68g=="],

    "@biomejs/cli-darwin-x64": ["@biomejs/cli-darwin-x64@1.8.2", "", { "os": "darwin", "cpu": "x64" }, "sha512-Fc4y/FuIxRSiB3TJ+y27vFDE/HJt4QgBuymktsIKEcBZvnKfsRjxvzVDunccRn4xbKgepnp+fn6BoS+ZIg/I3Q=="],

    "@biomejs/cli-linux-arm64": ["@biomejs/cli-linux-arm64@1.8.2", "", { "os": "linux", "cpu": "arm64" }, "sha512-Q99qwP0qibkZxm2kfnt37OxeIlliDYf5ogi3zX9ij2DULzc+KtPA9Uj0wCljcJofOBsBYaHc7597Q+Bf/251ww=="],

    "@biomejs/cli-linux-arm64-musl": ["@biomejs/cli-linux-arm64-musl@1.8.2", "", { "os": "linux", "cpu": "arm64" }, "sha512-WpT41QJJvkZa1eZq0WmD513zkC6AYaMI39HJKmKeiUeX2NZirG+bxv1YRDhqkns1NbBqo3+qrJqBkPmOW+xAVA=="],

    "@biomejs/cli-linux-x64": ["@biomejs/cli-linux-x64@1.8.2", "", { "os": "linux", "cpu": "x64" }, "sha512-bjhhUVFchFid2gOjrvBe4fg8BShcpyFQTHuB/QQnfGxs1ddrGP30yq3fHfc6S6MoCcz9Tjd3Zzq1EfWfyy5iHA=="],

    "@biomejs/cli-linux-x64-musl": ["@biomejs/cli-linux-x64-musl@1.8.2", "", { "os": "linux", "cpu": "x64" }, "sha512-rk1Wj4d3LIlAlIAS1m2jlyfOjkNbuY1lfwKvWIAeZC51yDMzwhRD7cReE5PE+jqLDtq60PX38hDPeKd7nA1S6A=="],

    "@biomejs/cli-win32-arm64": ["@biomejs/cli-win32-arm64@1.8.2", "", { "os": "win32", "cpu": "arm64" }, "sha512-EUbqmCmNWT5xhnxHrCAEBzJB1AnLqxTYoRjlxiCMzGvsy5jQzhCanJ8CT9kNsApW3pfPWBWkoTa7qrwWmwnEGA=="],

    "@biomejs/cli-win32-x64": ["@biomejs/cli-win32-x64@1.8.2", "", { "os": "win32", "cpu": "x64" }, "sha512-n9H5oRUCk1uNezMgyJh9+hZdtfD8PXLLeq8DUzTycIhl0I1BulIoZ/uxWgRVDFDwAR1JHu1AykISCRFNGnc4iA=="],

    "ansi-align": ["ansi-align@3.0.1", "", { "dependencies": { "string-width": "^4.1.0" } }, "sha512-IOfwwBF5iczOjp/WeY4YxyjqAFMQoZufdQWDd19SEExbVLNXqvpzSJ/M7Za4/sCPmQ0+GRquoA7bGcINcxew6w=="],

    "ansi-regex": ["ansi-regex@6.1.0", "", {}, "sha512-7HSX4QQb4CspciLpVFwyRe79O3xsIZDDLER21kERQ71oaPodF8jL725AgJMFAYbooIqolJoRLuM81SpeUkpkvA=="],

    "ansi-styles": ["ansi-styles@6.2.1", "", {}, "sha512-bN798gFfQX+viw3R7yrGWRqnrN2oRkEkUjjl4JNn4E8GxxbjtG3FbrEIIY3l8/hrwUwIeCZvi4QuOTP4MErVug=="],

    "boxen": ["boxen@7.1.1", "", { "dependencies": { "ansi-align": "^3.0.1", "camelcase": "^7.0.1", "chalk": "^5.2.0", "cli-boxes": "^3.0.0", "string-width": "^5.1.2", "type-fest": "^2.13.0", "widest-line": "^4.0.1", "wrap-ansi": "^8.1.0" } }, "sha512-2hCgjEmP8YLWQ130n2FerGv7rYpfBmnmp9Uy2Le1vge6X3gZIfSmEzP5QTDElFxcvVcXlEn8Aq6MU/PZygIOog=="],

    "camelcase": ["camelcase@7.0.1", "", {}, "sha512-xlx1yCK2Oc1APsPXDL2LdlNP6+uu8OCDdhOBSVT279M/S+y75O30C2VuD8T2ogdePBBl7PfPF4504tnLgX3zfw=="],

    "chalk": ["chalk@5.4.1", "", {}, "sha512-zgVZuo2WcZgfUEmsn6eO3kINexW8RAE4maiQ8QNs8CtpPCSyMiYsULR3HQYkm3w8FIA3SberyMJMSldGsW+U3w=="],

    "cli-boxes": ["cli-boxes@3.0.0", "", {}, "sha512-/lzGpEWL/8PfI0BmBOPRwp0c/wFNX1RdUML3jK/RcSBA9T8mZDdQpqYBKtCFTOfQbwPqWEOpjqW+Fnayc0969g=="],

    "eastasianwidth": ["eastasianwidth@0.2.0", "", {}, "sha512-I88TYZWc9XiYHRQ4/3c5rjjfgkjhLyW2luGIheGERbNQ6OY7yTybanSpDXZa8y7VUP9YmDcYa+eyq4ca7iLqWA=="],

    "emoji-regex": ["emoji-regex@9.2.2", "", {}, "sha512-L18DaJsXSUk2+42pv8mLs5jJT2hqFkFE4j21wOmgbUqsZ2hL72NsUU785g9RXgo3s0ZNgVl42TiHp3ZtOv/Vyg=="],

    "is-fullwidth-code-point": ["is-fullwidth-code-point@3.0.0", "", {}, "sha512-zymm5+u+sCsSWyD9qNaejV3DFvhCKclKdizYaJUuHA83RLjb7nSuGnddCHGv0hk+KY7BMAlsWeK4Ueg6EV6XQg=="],

    "string-width": ["string-width@5.1.2", "", { "dependencies": { "eastasianwidth": "^0.2.0", "emoji-regex": "^9.2.2", "strip-ansi": "^7.0.1" } }, "sha512-HnLOCR3vjcY8beoNLtcjZ5/nxn2afmME6lhrDrebokqMap+XbeW8n9TXpPDOqdGK5qcI3oT0GKTW6wC7EMiVqA=="],

    "strip-ansi": ["strip-ansi@7.1.0", "", { "dependencies": { "ansi-regex": "^6.0.1" } }, "sha512-iq6eVVI64nQQTRYq2KtEg2d2uU7LElhTJwsH4YzIHZshxlgZms/wIc4VoDQTlG/IvVIrBKG06CrZnp0qv7hkcQ=="],

    "type-fest": ["type-fest@2.19.0", "", {}, "sha512-RAH822pAdBgcNMAfWnCBU3CFZcfZ/i1eZjwFU/dsLKumyuuP3niueg2UAukXYF0E2AAoc82ZSSf9J0WQBinzHA=="],

    "widest-line": ["widest-line@4.0.1", "", { "dependencies": { "string-width": "^5.0.1" } }, "sha512-o0cyEG0e8GPzT4iGHphIOh0cJOV8fivsXxddQasHPHfoZf1ZexrfeA21w2NaEN1RHE+fXlfISmOE8R9N3u3Qig=="],

    "wrap-ansi": ["wrap-ansi@8.1.0", "", { "dependencies": { "ansi-styles": "^6.1.0", "string-width": "^5.0.1", "strip-ansi": "^7.0.1" } }, "sha512-si7QWI6zUMq56bESFvagtmzMdGOtoxfR+Sez11Mobfc7tm+VkUckk9bW2UeffTGVUbOksxmSw0AA2gs8g71NCQ=="],

    "ansi-align/string-width": ["string-width@4.2.3", "", { "dependencies": { "emoji-regex": "^8.0.0", "is-fullwidth-code-point": "^3.0.0", "strip-ansi": "^6.0.1" } }, "sha512-wKyQRQpjJ0sIp62ErSZdGsjMJWsap5oRNihHhu6G7JVO/9jIB6UyevL+tXuOqrng8j/cxKTWyWUwvSTriiZz/g=="],

    "ansi-align/string-width/emoji-regex": ["emoji-regex@8.0.0", "", {}, "sha512-MSjYzcWNOA0ewAHpz0MxpYFvwg6yjy1NG3xteoqz644VCo/RPgnr1/GGt+ic3iJTzQ8Eu3TdM14SawnVUmGE6A=="],

    "ansi-align/string-width/strip-ansi": ["strip-ansi@6.0.1", "", { "dependencies": { "ansi-regex": "^5.0.1" } }, "sha512-Y38VPSHcqkFrCpFnQ9vuSXmquuv5oXOKpGeT6aGrr3o3Gc9AlVa6JBfUSOCnbxGGZF+/0ooI7KrPuUSztUdU5A=="],

    "ansi-align/string-width/strip-ansi/ansi-regex": ["ansi-regex@5.0.1", "", {}, "sha512-quJQXlTSUGL2LH9SUXo8VwsY4soanhgo6LNSm84E1LBcE8s3O0wpdiRzyR9z/ZZJMlMWv37qOOb9pdJlMUEKFQ=="],
  }
}
